
Microsoft Visual Studio Solution File, Format Version 12.00
# Visual Studio Version 16
VisualStudioVersion = 16.0.28705.295
MinimumVisualStudioVersion = 10.0.40219.1
Project("{6EC3EE1D-3C4E-46DD-8F32-0CC8E7565705}") = "BLogic.EzAdmin.Core", "src\BLogic.EzAdmin.Core\BLogic.EzAdmin.Core.fsproj", "{4D955430-FBFC-4DAF-89C3-B910E8389168}"
EndProject
Project("{6EC3EE1D-3C4E-46DD-8F32-0CC8E7565705}") = "BLogic.EzAdmin.Data", "src\BLogic.EzAdmin.Data\BLogic.EzAdmin.Data.fsproj", "{6CF65F7C-3A2B-47A0-A4BA-E118BC3AFAB2}"
EndProject
Project("{6EC3EE1D-3C4E-46DD-8F32-0CC8E7565705}") = "BLogic.EzAdmin.Domain", "src\BLogic.EzAdmin.Domain\BLogic.EzAdmin.Domain.fsproj", "{6E8A4DD9-0DF7-4908-A585-A0BF99AC1DCE}"
EndProject
Project("{6EC3EE1D-3C4E-46DD-8F32-0CC8E7565705}") = "BLogic.EzAdmin.GraphQL", "src\BLogic.EzAdmin.GraphQL\BLogic.EzAdmin.GraphQL.fsproj", "{8AF670FE-5259-4C41-AD5B-ACD0FBF41392}"
EndProject
Project("{2150E333-8FDC-42A3-9474-1A3956D46DE8}") = "tests", "tests", "{A84E996B-9802-472C-BBF2-826881B04B0D}"
EndProject
Project("{6EC3EE1D-3C4E-46DD-8F32-0CC8E7565705}") = "BLogic.EzAdmin.Data.Tests", "test\BLogic.EzAdmin.Data.Tests\BLogic.EzAdmin.Data.Tests.fsproj", "{428441CB-D1E8-4005-966D-95069768F742}"
EndProject
Project("{6EC3EE1D-3C4E-46DD-8F32-0CC8E7565705}") = "BLogic.EzAdmin.Api", "src\BLogic.EzAdmin.Api\BLogic.EzAdmin.Api.fsproj", "{BEC9469A-2DDF-440D-A225-E0662F40E620}"
EndProject
Project("{F2A71F9B-5D33-465A-A702-920D77279786}") = "BLogic.EzAdmin.Application", "src\BLogic.EzAdmin.Application\BLogic.EzAdmin.Application\BLogic.EzAdmin.Application.fsproj", "{9463DC4E-5F8E-45D6-B3B8-14563F0C1D9A}"
EndProject
Global
	GlobalSection(SolutionConfigurationPlatforms) = preSolution
		Debug|Any CPU = Debug|Any CPU
		Release|Any CPU = Release|Any CPU
	EndGlobalSection
	GlobalSection(ProjectConfigurationPlatforms) = postSolution
		{4D955430-FBFC-4DAF-89C3-B910E8389168}.Debug|Any CPU.ActiveCfg = Debug|Any CPU
		{4D955430-FBFC-4DAF-89C3-B910E8389168}.Debug|Any CPU.Build.0 = Debug|Any CPU
		{4D955430-FBFC-4DAF-89C3-B910E8389168}.Release|Any CPU.ActiveCfg = Release|Any CPU
		{4D955430-FBFC-4DAF-89C3-B910E8389168}.Release|Any CPU.Build.0 = Release|Any CPU
		{6CF65F7C-3A2B-47A0-A4BA-E118BC3AFAB2}.Debug|Any CPU.ActiveCfg = Debug|Any CPU
		{6CF65F7C-3A2B-47A0-A4BA-E118BC3AFAB2}.Debug|Any CPU.Build.0 = Debug|Any CPU
		{6CF65F7C-3A2B-47A0-A4BA-E118BC3AFAB2}.Release|Any CPU.ActiveCfg = Release|Any CPU
		{6CF65F7C-3A2B-47A0-A4BA-E118BC3AFAB2}.Release|Any CPU.Build.0 = Release|Any CPU
		{6E8A4DD9-0DF7-4908-A585-A0BF99AC1DCE}.Debug|Any CPU.ActiveCfg = Debug|Any CPU
		{6E8A4DD9-0DF7-4908-A585-A0BF99AC1DCE}.Debug|Any CPU.Build.0 = Debug|Any CPU
		{6E8A4DD9-0DF7-4908-A585-A0BF99AC1DCE}.Release|Any CPU.ActiveCfg = Release|Any CPU
		{6E8A4DD9-0DF7-4908-A585-A0BF99AC1DCE}.Release|Any CPU.Build.0 = Release|Any CPU
		{8AF670FE-5259-4C41-AD5B-ACD0FBF41392}.Debug|Any CPU.ActiveCfg = Debug|Any CPU
		{8AF670FE-5259-4C41-AD5B-ACD0FBF41392}.Debug|Any CPU.Build.0 = Debug|Any CPU
		{8AF670FE-5259-4C41-AD5B-ACD0FBF41392}.Release|Any CPU.ActiveCfg = Release|Any CPU
		{8AF670FE-5259-4C41-AD5B-ACD0FBF41392}.Release|Any CPU.Build.0 = Release|Any CPU
		{428441CB-D1E8-4005-966D-95069768F742}.Debug|Any CPU.ActiveCfg = Debug|Any CPU
		{428441CB-D1E8-4005-966D-95069768F742}.Debug|Any CPU.Build.0 = Debug|Any CPU
		{428441CB-D1E8-4005-966D-95069768F742}.Release|Any CPU.ActiveCfg = Release|Any CPU
		{428441CB-D1E8-4005-966D-95069768F742}.Release|Any CPU.Build.0 = Release|Any CPU
		{BEC9469A-2DDF-440D-A225-E0662F40E620}.Debug|Any CPU.ActiveCfg = Debug|Any CPU
		{BEC9469A-2DDF-440D-A225-E0662F40E620}.Debug|Any CPU.Build.0 = Debug|Any CPU
		{BEC9469A-2DDF-440D-A225-E0662F40E620}.Release|Any CPU.ActiveCfg = Release|Any CPU
		{BEC9469A-2DDF-440D-A225-E0662F40E620}.Release|Any CPU.Build.0 = Release|Any CPU
		{9463DC4E-5F8E-45D6-B3B8-14563F0C1D9A}.Debug|Any CPU.ActiveCfg = Debug|Any CPU
		{9463DC4E-5F8E-45D6-B3B8-14563F0C1D9A}.Debug|Any CPU.Build.0 = Debug|Any CPU
		{9463DC4E-5F8E-45D6-B3B8-14563F0C1D9A}.Release|Any CPU.ActiveCfg = Release|Any CPU
		{9463DC4E-5F8E-45D6-B3B8-14563F0C1D9A}.Release|Any CPU.Build.0 = Release|Any CPU
	EndGlobalSection
	GlobalSection(SolutionProperties) = preSolution
		HideSolutionNode = FALSE
	EndGlobalSection
	GlobalSection(NestedProjects) = preSolution
		{428441CB-D1E8-4005-966D-95069768F742} = {A84E996B-9802-472C-BBF2-826881B04B0D}
	EndGlobalSection
	GlobalSection(ExtensibilityGlobals) = postSolution
		SolutionGuid = {7438A2FF-77C7-4737-B279-582395C86865}
	EndGlobalSection
EndGlobal
